
Microsoft Visual Studio Solution File, Format Version 12.00
# Visual Studio Version 17
VisualStudioVersion = 17.1.32414.318
MinimumVisualStudioVersion = 10.0.40219.1
Project("{FAE04EC0-301F-11D3-BF4B-00C04F79EFBC}") = "Clase 13 - Objetos - Constructores, Pilares POO", "Clase 13 - Objetos - Constructores, Pilares POO\Clase 13 - Objetos - Constructores, Pilares POO.csproj", "{6AC479F7-92BB-408C-B834-275B46E1767F}"
EndProject
Global
	GlobalSection(SolutionConfigurationPlatforms) = preSolution
		Debug|Any CPU = Debug|Any CPU
		Release|Any CPU = Release|Any CPU
	EndGlobalSection
	GlobalSection(ProjectConfigurationPlatforms) = postSolution
		{6AC479F7-92BB-408C-B834-275B46E1767F}.Debug|Any CPU.ActiveCfg = Debug|Any CPU
		{6AC479F7-92BB-408C-B834-275B46E1767F}.Debug|Any CPU.Build.0 = Debug|Any CPU
		{6AC479F7-92BB-408C-B834-275B46E1767F}.Release|Any CPU.ActiveCfg = Release|Any CPU
		{6AC479F7-92BB-408C-B834-275B46E1767F}.Release|Any CPU.Build.0 = Release|Any CPU
	EndGlobalSection
	GlobalSection(SolutionProperties) = preSolution
		HideSolutionNode = FALSE
	EndGlobalSection
	GlobalSection(ExtensibilityGlobals) = postSolution
		SolutionGuid = {0A8EC392-6295-4881-8DFD-85D34237201A}
	EndGlobalSection
EndGlobal
