
Microsoft Visual Studio Solution File, Format Version 12.00
# Visual Studio Version 17
VisualStudioVersion = 17.1.32414.318
MinimumVisualStudioVersion = 10.0.40219.1
Project("{FAE04EC0-301F-11D3-BF4B-00C04F79EFBC}") = "Ej1Clase9", "Ej1Clase9\Ej1Clase9.csproj", "{7F615742-9A4A-417F-ABC3-479918F80B05}"
EndProject
Global
	GlobalSection(SolutionConfigurationPlatforms) = preSolution
		Debug|Any CPU = Debug|Any CPU
		Release|Any CPU = Release|Any CPU
	EndGlobalSection
	GlobalSection(ProjectConfigurationPlatforms) = postSolution
		{7F615742-9A4A-417F-ABC3-479918F80B05}.Debug|Any CPU.ActiveCfg = Debug|Any CPU
		{7F615742-9A4A-417F-ABC3-479918F80B05}.Debug|Any CPU.Build.0 = Debug|Any CPU
		{7F615742-9A4A-417F-ABC3-479918F80B05}.Release|Any CPU.ActiveCfg = Release|Any CPU
		{7F615742-9A4A-417F-ABC3-479918F80B05}.Release|Any CPU.Build.0 = Release|Any CPU
	EndGlobalSection
	GlobalSection(SolutionProperties) = preSolution
		HideSolutionNode = FALSE
	EndGlobalSection
	GlobalSection(ExtensibilityGlobals) = postSolution
		SolutionGuid = {FF80FD9C-F41B-4011-87CE-7EF85E6CD879}
	EndGlobalSection
EndGlobal
