
Microsoft Visual Studio Solution File, Format Version 12.00
# Visual Studio Version 17
VisualStudioVersion = 17.1.32414.318
MinimumVisualStudioVersion = 10.0.40219.1
Project("{FAE04EC0-301F-11D3-BF4B-00C04F79EFBC}") = "Clase14Herencia", "Clase14Herencia\Clase14Herencia.csproj", "{78A5C966-3147-4D1C-85ED-7B38ECC052A6}"
EndProject
Global
	GlobalSection(SolutionConfigurationPlatforms) = preSolution
		Debug|Any CPU = Debug|Any CPU
		Release|Any CPU = Release|Any CPU
	EndGlobalSection
	GlobalSection(ProjectConfigurationPlatforms) = postSolution
		{78A5C966-3147-4D1C-85ED-7B38ECC052A6}.Debug|Any CPU.ActiveCfg = Debug|Any CPU
		{78A5C966-3147-4D1C-85ED-7B38ECC052A6}.Debug|Any CPU.Build.0 = Debug|Any CPU
		{78A5C966-3147-4D1C-85ED-7B38ECC052A6}.Release|Any CPU.ActiveCfg = Release|Any CPU
		{78A5C966-3147-4D1C-85ED-7B38ECC052A6}.Release|Any CPU.Build.0 = Release|Any CPU
	EndGlobalSection
	GlobalSection(SolutionProperties) = preSolution
		HideSolutionNode = FALSE
	EndGlobalSection
	GlobalSection(ExtensibilityGlobals) = postSolution
		SolutionGuid = {A63B1487-3F01-40D2-A9B7-4017D5BC1448}
	EndGlobalSection
EndGlobal
