
Microsoft Visual Studio Solution File, Format Version 12.00
# Visual Studio Version 17
VisualStudioVersion = 17.1.32414.318
MinimumVisualStudioVersion = 10.0.40219.1
Project("{FAE04EC0-301F-11D3-BF4B-00C04F79EFBC}") = "Clase15", "Clase15\Clase15.csproj", "{085A28ED-40AE-4692-8126-E40EAC18FAB5}"
EndProject
Global
	GlobalSection(SolutionConfigurationPlatforms) = preSolution
		Debug|Any CPU = Debug|Any CPU
		Release|Any CPU = Release|Any CPU
	EndGlobalSection
	GlobalSection(ProjectConfigurationPlatforms) = postSolution
		{085A28ED-40AE-4692-8126-E40EAC18FAB5}.Debug|Any CPU.ActiveCfg = Debug|Any CPU
		{085A28ED-40AE-4692-8126-E40EAC18FAB5}.Debug|Any CPU.Build.0 = Debug|Any CPU
		{085A28ED-40AE-4692-8126-E40EAC18FAB5}.Release|Any CPU.ActiveCfg = Release|Any CPU
		{085A28ED-40AE-4692-8126-E40EAC18FAB5}.Release|Any CPU.Build.0 = Release|Any CPU
	EndGlobalSection
	GlobalSection(SolutionProperties) = preSolution
		HideSolutionNode = FALSE
	EndGlobalSection
	GlobalSection(ExtensibilityGlobals) = postSolution
		SolutionGuid = {27B4026C-92D9-4297-87E8-9B87E271666E}
	EndGlobalSection
EndGlobal
